
Microsoft Visual Studio Solution File, Format Version 12.00
# Visual Studio Version 16
VisualStudioVersion = 16.0.31105.61
MinimumVisualStudioVersion = 10.0.40219.1
Project("{FAE04EC0-301F-11D3-BF4B-00C04F79EFBC}") = "ToDoListApp", "ToDoListApp.csproj", "{94E85BAC-2A69-444E-A340-B73BE19B6A7F}"
EndProject
Global
	GlobalSection(SolutionConfigurationPlatforms) = preSolution
		Debug|Any CPU = Debug|Any CPU
		Release|Any CPU = Release|Any CPU
	EndGlobalSection
	GlobalSection(ProjectConfigurationPlatforms) = postSolution
		{94E85BAC-2A69-444E-A340-B73BE19B6A7F}.Debug|Any CPU.ActiveCfg = Debug|Any CPU
		{94E85BAC-2A69-444E-A340-B73BE19B6A7F}.Debug|Any CPU.Build.0 = Debug|Any CPU
		{94E85BAC-2A69-444E-A340-B73BE19B6A7F}.Release|Any CPU.ActiveCfg = Release|Any CPU
		{94E85BAC-2A69-444E-A340-B73BE19B6A7F}.Release|Any CPU.Build.0 = Release|Any CPU
	EndGlobalSection
	GlobalSection(SolutionProperties) = preSolution
		HideSolutionNode = FALSE
	EndGlobalSection
	GlobalSection(ExtensibilityGlobals) = postSolution
		SolutionGuid = {5BB14E4C-1724-407F-A8FF-9B43A0CD84FB}
	EndGlobalSection
EndGlobal
